
Microsoft Visual Studio Solution File, Format Version 12.00
# Visual Studio Version 16
VisualStudioVersion = 16.0.29230.47
MinimumVisualStudioVersion = 10.0.40219.1
Project("{FAE04EC0-301F-11D3-BF4B-00C04F79EFBC}") = "Calculator", "Calculator\Calculator.csproj", "{61ABB902-C7B5-490B-86CB-0B2F86B6D491}"
EndProject
Global
	GlobalSection(SolutionConfigurationPlatforms) = preSolution
		Debug|Any CPU = Debug|Any CPU
		Release|Any CPU = Release|Any CPU
	EndGlobalSection
	GlobalSection(ProjectConfigurationPlatforms) = postSolution
		{61ABB902-C7B5-490B-86CB-0B2F86B6D491}.Debug|Any CPU.ActiveCfg = Debug|Any CPU
		{61ABB902-C7B5-490B-86CB-0B2F86B6D491}.Debug|Any CPU.Build.0 = Debug|Any CPU
		{61ABB902-C7B5-490B-86CB-0B2F86B6D491}.Release|Any CPU.ActiveCfg = Release|Any CPU
		{61ABB902-C7B5-490B-86CB-0B2F86B6D491}.Release|Any CPU.Build.0 = Release|Any CPU
	EndGlobalSection
	GlobalSection(SolutionProperties) = preSolution
		HideSolutionNode = FALSE
	EndGlobalSection
	GlobalSection(ExtensibilityGlobals) = postSolution
		SolutionGuid = {EACC7CAD-EEAE-469E-9716-12137AECB0BF}
	EndGlobalSection
EndGlobal
